// !$*UTF8*$!
{
	archiveVersion = 1;
	classes = {
	};
	objectVersion = 46;
	objects = {

/* Begin PBXBuildFile section */
		BB4758EC18D266E100825D8F /* cpu.c in Sources */ = {isa = PBXBuildFile; fileRef = BB4758BA18D266E100825D8F /* cpu.c */; };
		BB4758ED18D266E100825D8F /* parser.c in Sources */ = {isa = PBXBuildFile; fileRef = BB4758BC18D266E100825D8F /* parser.c */; };
		BB4758EE18D266E100825D8F /* shell.c in Sources */ = {isa = PBXBuildFile; fileRef = BB4758BE18D266E100825D8F /* shell.c */; };
		BBBBF6A516E955C7006885C6 /* cpu.c in Sources */ = {isa = PBXBuildFile; fileRef = BBBBF68316E95225006885C6 /* cpu.c */; };
		BBBBF6A616E955CA006885C6 /* parser.c in Sources */ = {isa = PBXBuildFile; fileRef = BBBBF68516E95225006885C6 /* parser.c */; };
		BBBBF6A716E955CB006885C6 /* shell.c in Sources */ = {isa = PBXBuildFile; fileRef = BBBBF68716E95225006885C6 /* shell.c */; };
		C0EA9CBA16ED1AE6008C0EBF /* cpu.c in Sources */ = {isa = PBXBuildFile; fileRef = C0EA9C9816EBAD83008C0EBF /* cpu.c */; };
		C0EA9CBB16ED1AE9008C0EBF /* parser.c in Sources */ = {isa = PBXBuildFile; fileRef = C0EA9C9A16EBAD83008C0EBF /* parser.c */; };
		C0EA9CBC16ED1AEC008C0EBF /* shell.c in Sources */ = {isa = PBXBuildFile; fileRef = C0EA9C9C16EBAD83008C0EBF /* shell.c */; };
/* End PBXBuildFile section */

/* Begin PBXCopyFilesBuildPhase section */
		BB4758A018D2651D00825D8F /* CopyFiles */ = {
			isa = PBXCopyFilesBuildPhase;
			buildActionMask = 2147483647;
			dstPath = /usr/share/man/man1/;
			dstSubfolderSpec = 0;
			files = (
			);
			runOnlyForDeploymentPostprocessing = 1;
		};
		BBBBF69A16E9552F006885C6 /* CopyFiles */ = {
			isa = PBXCopyFilesBuildPhase;
			buildActionMask = 8;
			dstPath = /usr/share/man/man1/;
			dstSubfolderSpec = 0;
			files = (
			);
			runOnlyForDeploymentPostprocessing = 1;
		};
		C0EA9CAF16ED1A6A008C0EBF /* CopyFiles */ = {
			isa = PBXCopyFilesBuildPhase;
			buildActionMask = 2147483647;
			dstPath = /usr/share/man/man1/;
			dstSubfolderSpec = 0;
			files = (
			);
			runOnlyForDeploymentPostprocessing = 1;
		};
/* End PBXCopyFilesBuildPhase section */

/* Begin PBXFileReference section */
		BB0ADAC91857B4A900317958 /* Makefile */ = {isa = PBXFileReference; lastKnownFileType = sourcecode.make; path = Makefile; sourceTree = "<group>"; };
		BB21BA7918FB3F8C00A1DCD6 /* u_arithm03.ans */ = {isa = PBXFileReference; lastKnownFileType = text; path = u_arithm03.ans; sourceTree = "<group>"; };
		BB21BA7A18FB3F8C00A1DCD6 /* u_arithm03.lst */ = {isa = PBXFileReference; lastKnownFileType = text; path = u_arithm03.lst; sourceTree = "<group>"; };
		BB4758A218D2651D00825D8F /* stage3 */ = {isa = PBXFileReference; explicitFileType = "compiled.mach-o.executable"; includeInIndex = 0; path = stage3; sourceTree = BUILT_PRODUCTS_DIR; };
		BB4758B118D266E100825D8F /* .gitignore */ = {isa = PBXFileReference; fileEncoding = 4; lastKnownFileType = text; path = .gitignore; sourceTree = "<group>"; };
		BB4758B218D266E100825D8F /* cpu.d */ = {isa = PBXFileReference; fileEncoding = 4; lastKnownFileType = sourcecode.dtrace; path = cpu.d; sourceTree = "<group>"; };
		BB4758B318D266E100825D8F /* cpu.o */ = {isa = PBXFileReference; lastKnownFileType = "compiled.mach-o.objfile"; path = cpu.o; sourceTree = "<group>"; };
		BB4758B418D266E100825D8F /* parser.d */ = {isa = PBXFileReference; fileEncoding = 4; lastKnownFileType = sourcecode.dtrace; path = parser.d; sourceTree = "<group>"; };
		BB4758B518D266E100825D8F /* parser.o */ = {isa = PBXFileReference; lastKnownFileType = "compiled.mach-o.objfile"; path = parser.o; sourceTree = "<group>"; };
		BB4758B618D266E100825D8F /* shell */ = {isa = PBXFileReference; lastKnownFileType = "compiled.mach-o.executable"; path = shell; sourceTree = "<group>"; };
		BB4758B718D266E100825D8F /* shell.d */ = {isa = PBXFileReference; fileEncoding = 4; lastKnownFileType = sourcecode.dtrace; path = shell.d; sourceTree = "<group>"; };
		BB4758B818D266E100825D8F /* shell.o */ = {isa = PBXFileReference; lastKnownFileType = "compiled.mach-o.objfile"; path = shell.o; sourceTree = "<group>"; };
		BB4758BA18D266E100825D8F /* cpu.c */ = {isa = PBXFileReference; fileEncoding = 4; lastKnownFileType = sourcecode.c.c; path = cpu.c; sourceTree = "<group>"; };
		BB4758BB18D266E100825D8F /* cpu.h */ = {isa = PBXFileReference; fileEncoding = 4; lastKnownFileType = sourcecode.c.h; lineEnding = 0; path = cpu.h; sourceTree = "<group>"; xcLanguageSpecificationIdentifier = xcode.lang.objcpp; };
		BB4758BC18D266E100825D8F /* parser.c */ = {isa = PBXFileReference; fileEncoding = 4; lastKnownFileType = sourcecode.c.c; path = parser.c; sourceTree = "<group>"; };
		BB4758BD18D266E100825D8F /* parser.h */ = {isa = PBXFileReference; fileEncoding = 4; lastKnownFileType = sourcecode.c.h; path = parser.h; sourceTree = "<group>"; };
		BB4758BE18D266E100825D8F /* shell.c */ = {isa = PBXFileReference; fileEncoding = 4; lastKnownFileType = sourcecode.c.c; path = shell.c; sourceTree = "<group>"; };
		BB4758E418D266E100825D8F /* module.mk */ = {isa = PBXFileReference; fileEncoding = 4; lastKnownFileType = text; path = module.mk; sourceTree = "<group>"; };
		BB4758E518D266E100825D8F /* README.md */ = {isa = PBXFileReference; fileEncoding = 4; lastKnownFileType = text; path = README.md; sourceTree = "<group>"; };
		BB4758F318F1C51000825D8F /* u_arithm01.ans */ = {isa = PBXFileReference; fileEncoding = 4; lastKnownFileType = text; path = u_arithm01.ans; sourceTree = "<group>"; };
		BB4758F418F1C51000825D8F /* u_arithm01.lst */ = {isa = PBXFileReference; fileEncoding = 4; lastKnownFileType = text; path = u_arithm01.lst; sourceTree = "<group>"; };
		BB4758F518FAB7A400825D8F /* u_arithm02.ans */ = {isa = PBXFileReference; lastKnownFileType = text; path = u_arithm02.ans; sourceTree = "<group>"; };
		BB4758F618FAB7A400825D8F /* u_arithm02.lst */ = {isa = PBXFileReference; lastKnownFileType = text; path = u_arithm02.lst; sourceTree = "<group>"; };
		BBBBF66D16E95225006885C6 /* README.md */ = {isa = PBXFileReference; lastKnownFileType = text; path = README.md; sourceTree = "<group>"; };
		BBBBF67C16E95225006885C6 /* .gitignore */ = {isa = PBXFileReference; lastKnownFileType = text; path = .gitignore; sourceTree = "<group>"; };
		BBBBF68116E95225006885C6 /* README.md */ = {isa = PBXFileReference; lastKnownFileType = text; path = README.md; sourceTree = "<group>"; };
		BBBBF68316E95225006885C6 /* cpu.c */ = {isa = PBXFileReference; lastKnownFileType = sourcecode.c.c; path = cpu.c; sourceTree = "<group>"; };
		BBBBF68416E95225006885C6 /* cpu.h */ = {isa = PBXFileReference; lastKnownFileType = sourcecode.c.h; path = cpu.h; sourceTree = "<group>"; };
		BBBBF68516E95225006885C6 /* parser.c */ = {isa = PBXFileReference; lastKnownFileType = sourcecode.c.c; path = parser.c; sourceTree = "<group>"; };
		BBBBF68616E95225006885C6 /* parser.h */ = {isa = PBXFileReference; lastKnownFileType = sourcecode.c.h; path = parser.h; sourceTree = "<group>"; };
		BBBBF68716E95225006885C6 /* shell.c */ = {isa = PBXFileReference; lastKnownFileType = sourcecode.c.c; path = shell.c; sourceTree = "<group>"; };
		BBBBF68916E95225006885C6 /* TODO */ = {isa = PBXFileReference; lastKnownFileType = text; path = TODO; sourceTree = "<group>"; };
		BBBBF69C16E9552F006885C6 /* stage1 */ = {isa = PBXFileReference; explicitFileType = "compiled.mach-o.executable"; includeInIndex = 0; path = stage1; sourceTree = BUILT_PRODUCTS_DIR; };
		BBF67120185A5C7300666B1F /* module.mk */ = {isa = PBXFileReference; lastKnownFileType = text; path = module.mk; sourceTree = "<group>"; };
		BBF67121185A9D5100666B1F /* module.mk */ = {isa = PBXFileReference; lastKnownFileType = text; path = module.mk; sourceTree = "<group>"; };
		BBF67122185A9E1000666B1F /* depend.sh */ = {isa = PBXFileReference; lastKnownFileType = text.script.sh; path = depend.sh; sourceTree = "<group>"; };
		C08FC5EA1874D5B200C3B35A /* test.py */ = {isa = PBXFileReference; lastKnownFileType = text.script.python; path = test.py; sourceTree = "<group>"; };
		C08FC5ED1874EBED00C3B35A /* calc1.ans */ = {isa = PBXFileReference; lastKnownFileType = text; path = calc1.ans; sourceTree = "<group>"; };
		C08FC5EE1874EBED00C3B35A /* calc1.lst */ = {isa = PBXFileReference; lastKnownFileType = text; path = calc1.lst; sourceTree = "<group>"; };
		C08FC5EF1874EBED00C3B35A /* calc2.ans */ = {isa = PBXFileReference; lastKnownFileType = text; path = calc2.ans; sourceTree = "<group>"; };
		C08FC5F01874EBED00C3B35A /* calc2.lst */ = {isa = PBXFileReference; lastKnownFileType = text; path = calc2.lst; sourceTree = "<group>"; };
		C08FC5F11874EBED00C3B35A /* calc3.ans */ = {isa = PBXFileReference; lastKnownFileType = text; path = calc3.ans; sourceTree = "<group>"; };
		C08FC5F21874EBED00C3B35A /* calc3.lst */ = {isa = PBXFileReference; lastKnownFileType = text; path = calc3.lst; sourceTree = "<group>"; };
		C08FC5F31874EBED00C3B35A /* calc4.ans */ = {isa = PBXFileReference; lastKnownFileType = text; path = calc4.ans; sourceTree = "<group>"; };
		C08FC5F41874EBED00C3B35A /* calc4.lst */ = {isa = PBXFileReference; lastKnownFileType = text; path = calc4.lst; sourceTree = "<group>"; };
		C08FC5F51874EBED00C3B35A /* calc5.ans */ = {isa = PBXFileReference; lastKnownFileType = text; path = calc5.ans; sourceTree = "<group>"; };
		C08FC5F61874EBED00C3B35A /* calc5.lst */ = {isa = PBXFileReference; lastKnownFileType = text; path = calc5.lst; sourceTree = "<group>"; };
		C08FC5F71874EBED00C3B35A /* calc6.ans */ = {isa = PBXFileReference; lastKnownFileType = text; path = calc6.ans; sourceTree = "<group>"; };
		C08FC5F81874EBED00C3B35A /* calc6.lst */ = {isa = PBXFileReference; lastKnownFileType = text; path = calc6.lst; sourceTree = "<group>"; };
		C08FC5FA1874EBFE00C3B35A /* bool01.ans */ = {isa = PBXFileReference; lastKnownFileType = text; path = bool01.ans; sourceTree = "<group>"; };
		C08FC5FB1874EBFE00C3B35A /* bool01.lst */ = {isa = PBXFileReference; lastKnownFileType = text; path = bool01.lst; sourceTree = "<group>"; };
		C08FC5FC1874EBFE00C3B35A /* bool02.ans */ = {isa = PBXFileReference; lastKnownFileType = text; path = bool02.ans; sourceTree = "<group>"; };
		C08FC5FD1874EBFE00C3B35A /* bool02.lst */ = {isa = PBXFileReference; lastKnownFileType = text; path = bool02.lst; sourceTree = "<group>"; };
		C08FC5FE1874EBFE00C3B35A /* bool03.ans */ = {isa = PBXFileReference; lastKnownFileType = text; path = bool03.ans; sourceTree = "<group>"; };
		C08FC5FF1874EBFE00C3B35A /* bool03.lst */ = {isa = PBXFileReference; lastKnownFileType = text; path = bool03.lst; sourceTree = "<group>"; };
		C08FC6001874EBFE00C3B35A /* bool04.ans */ = {isa = PBXFileReference; lastKnownFileType = text; path = bool04.ans; sourceTree = "<group>"; };
		C08FC6011874EBFE00C3B35A /* bool04.lst */ = {isa = PBXFileReference; lastKnownFileType = text; path = bool04.lst; sourceTree = "<group>"; };
		C08FC6021874EBFE00C3B35A /* bool05.ans */ = {isa = PBXFileReference; lastKnownFileType = text; path = bool05.ans; sourceTree = "<group>"; };
		C08FC6031874EBFE00C3B35A /* bool05.lst */ = {isa = PBXFileReference; lastKnownFileType = text; path = bool05.lst; sourceTree = "<group>"; };
		C08FC6041874EBFE00C3B35A /* bool06.ans */ = {isa = PBXFileReference; lastKnownFileType = text; path = bool06.ans; sourceTree = "<group>"; };
		C08FC6051874EBFE00C3B35A /* bool06.lst */ = {isa = PBXFileReference; lastKnownFileType = text; path = bool06.lst; sourceTree = "<group>"; };
		C08FC6061874EBFE00C3B35A /* bool07.ans */ = {isa = PBXFileReference; lastKnownFileType = text; path = bool07.ans; sourceTree = "<group>"; };
		C08FC6071874EBFE00C3B35A /* bool07.lst */ = {isa = PBXFileReference; lastKnownFileType = text; path = bool07.lst; sourceTree = "<group>"; };
		C08FC6081874EBFE00C3B35A /* bool08.ans */ = {isa = PBXFileReference; lastKnownFileType = text; path = bool08.ans; sourceTree = "<group>"; };
		C08FC6091874EBFE00C3B35A /* bool08.lst */ = {isa = PBXFileReference; lastKnownFileType = text; path = bool08.lst; sourceTree = "<group>"; };
		C08FC60A1874EBFE00C3B35A /* calc01.ans */ = {isa = PBXFileReference; lastKnownFileType = text; path = calc01.ans; sourceTree = "<group>"; };
		C08FC60B1874EBFE00C3B35A /* calc01.lst */ = {isa = PBXFileReference; lastKnownFileType = text; path = calc01.lst; sourceTree = "<group>"; };
		C08FC60C1874EBFE00C3B35A /* calc02.ans */ = {isa = PBXFileReference; lastKnownFileType = text; path = calc02.ans; sourceTree = "<group>"; };
		C08FC60D1874EBFE00C3B35A /* calc02.lst */ = {isa = PBXFileReference; lastKnownFileType = text; path = calc02.lst; sourceTree = "<group>"; };
		C08FC60E1874EBFE00C3B35A /* calc03.ans */ = {isa = PBXFileReference; lastKnownFileType = text; path = calc03.ans; sourceTree = "<group>"; };
		C08FC60F1874EBFE00C3B35A /* calc03.lst */ = {isa = PBXFileReference; lastKnownFileType = text; path = calc03.lst; sourceTree = "<group>"; };
		C08FC6101874EBFE00C3B35A /* calc04.ans */ = {isa = PBXFileReference; lastKnownFileType = text; path = calc04.ans; sourceTree = "<group>"; };
		C08FC6111874EBFE00C3B35A /* calc04.lst */ = {isa = PBXFileReference; lastKnownFileType = text; path = calc04.lst; sourceTree = "<group>"; };
		C08FC6121874EBFE00C3B35A /* calc05.ans */ = {isa = PBXFileReference; lastKnownFileType = text; path = calc05.ans; sourceTree = "<group>"; };
		C08FC6131874EBFE00C3B35A /* calc05.lst */ = {isa = PBXFileReference; lastKnownFileType = text; path = calc05.lst; sourceTree = "<group>"; };
		C08FC6141874EBFE00C3B35A /* calc06.ans */ = {isa = PBXFileReference; lastKnownFileType = text; path = calc06.ans; sourceTree = "<group>"; };
		C08FC6151874EBFE00C3B35A /* calc06.lst */ = {isa = PBXFileReference; lastKnownFileType = text; path = calc06.lst; sourceTree = "<group>"; };
		C08FC6161874EBFE00C3B35A /* calc07.ans */ = {isa = PBXFileReference; lastKnownFileType = text; path = calc07.ans; sourceTree = "<group>"; };
		C08FC6171874EBFE00C3B35A /* calc07.lst */ = {isa = PBXFileReference; lastKnownFileType = text; path = calc07.lst; sourceTree = "<group>"; };
		C08FC6181874EBFE00C3B35A /* calc08.ans */ = {isa = PBXFileReference; lastKnownFileType = text; path = calc08.ans; sourceTree = "<group>"; };
		C08FC6191874EBFE00C3B35A /* calc08.lst */ = {isa = PBXFileReference; lastKnownFileType = text; path = calc08.lst; sourceTree = "<group>"; };
		C08FC61A1874EBFE00C3B35A /* calc09.ans */ = {isa = PBXFileReference; lastKnownFileType = text; path = calc09.ans; sourceTree = "<group>"; };
		C08FC61B1874EBFE00C3B35A /* calc09.lst */ = {isa = PBXFileReference; lastKnownFileType = text; path = calc09.lst; sourceTree = "<group>"; };
		C08FC61C1874EBFE00C3B35A /* reg01.ans */ = {isa = PBXFileReference; lastKnownFileType = text; path = reg01.ans; sourceTree = "<group>"; };
		C08FC61D1874EBFE00C3B35A /* reg01.lst */ = {isa = PBXFileReference; lastKnownFileType = text; path = reg01.lst; sourceTree = "<group>"; };
		C0EA9C9116EBAD83008C0EBF /* .gitignore */ = {isa = PBXFileReference; lastKnownFileType = text; path = .gitignore; sourceTree = "<group>"; };
		C0EA9C9616EBAD83008C0EBF /* README.md */ = {isa = PBXFileReference; lastKnownFileType = text; path = README.md; sourceTree = "<group>"; };
		C0EA9C9816EBAD83008C0EBF /* cpu.c */ = {isa = PBXFileReference; lastKnownFileType = sourcecode.c.c; path = cpu.c; sourceTree = "<group>"; };
		C0EA9C9916EBAD83008C0EBF /* cpu.h */ = {isa = PBXFileReference; lastKnownFileType = sourcecode.c.h; path = cpu.h; sourceTree = "<group>"; };
		C0EA9C9A16EBAD83008C0EBF /* parser.c */ = {isa = PBXFileReference; lastKnownFileType = sourcecode.c.c; path = parser.c; sourceTree = "<group>"; };
		C0EA9C9B16EBAD83008C0EBF /* parser.h */ = {isa = PBXFileReference; lastKnownFileType = sourcecode.c.h; path = parser.h; sourceTree = "<group>"; };
		C0EA9C9C16EBAD83008C0EBF /* shell.c */ = {isa = PBXFileReference; lastKnownFileType = sourcecode.c.c; path = shell.c; sourceTree = "<group>"; };
		C0EA9CB116ED1A6A008C0EBF /* stage2 */ = {isa = PBXFileReference; explicitFileType = "compiled.mach-o.executable"; includeInIndex = 0; path = stage2; sourceTree = BUILT_PRODUCTS_DIR; };
/* End PBXFileReference section */

/* Begin PBXFrameworksBuildPhase section */
		BB47589F18D2651D00825D8F /* Frameworks */ = {
			isa = PBXFrameworksBuildPhase;
			buildActionMask = 2147483647;
			files = (
			);
			runOnlyForDeploymentPostprocessing = 0;
		};
		BBBBF69916E9552F006885C6 /* Frameworks */ = {
			isa = PBXFrameworksBuildPhase;
			buildActionMask = 2147483647;
			files = (
			);
			runOnlyForDeploymentPostprocessing = 0;
		};
		C0EA9CAE16ED1A6A008C0EBF /* Frameworks */ = {
			isa = PBXFrameworksBuildPhase;
			buildActionMask = 2147483647;
			files = (
			);
			runOnlyForDeploymentPostprocessing = 0;
		};
/* End PBXFrameworksBuildPhase section */

/* Begin PBXGroup section */
		BB4758A318D2651D00825D8F /* stage3 */ = {
			isa = PBXGroup;
			children = (
				BB4758B018D266E100825D8F /* out */,
				BB4758B918D266E100825D8F /* src */,
				BB4758BF18D266E100825D8F /* test */,
				BB4758E418D266E100825D8F /* module.mk */,
				BB4758E518D266E100825D8F /* README.md */,
			);
			path = stage3;
			sourceTree = "<group>";
		};
		BB4758B018D266E100825D8F /* out */ = {
			isa = PBXGroup;
			children = (
				BB4758B118D266E100825D8F /* .gitignore */,
				BB4758B218D266E100825D8F /* cpu.d */,
				BB4758B318D266E100825D8F /* cpu.o */,
				BB4758B418D266E100825D8F /* parser.d */,
				BB4758B518D266E100825D8F /* parser.o */,
				BB4758B618D266E100825D8F /* shell */,
				BB4758B718D266E100825D8F /* shell.d */,
				BB4758B818D266E100825D8F /* shell.o */,
			);
			path = out;
			sourceTree = "<group>";
		};
		BB4758B918D266E100825D8F /* src */ = {
			isa = PBXGroup;
			children = (
				BB4758BA18D266E100825D8F /* cpu.c */,
				BB4758BB18D266E100825D8F /* cpu.h */,
				BB4758BC18D266E100825D8F /* parser.c */,
				BB4758BD18D266E100825D8F /* parser.h */,
				BB4758BE18D266E100825D8F /* shell.c */,
			);
			path = src;
			sourceTree = "<group>";
		};
		BB4758BF18D266E100825D8F /* test */ = {
			isa = PBXGroup;
			children = (
				BB4758F318F1C51000825D8F /* u_arithm01.ans */,
				BB4758F418F1C51000825D8F /* u_arithm01.lst */,
				BB4758F518FAB7A400825D8F /* u_arithm02.ans */,
				BB4758F618FAB7A400825D8F /* u_arithm02.lst */,
				BB21BA7918FB3F8C00A1DCD6 /* u_arithm03.ans */,
				BB21BA7A18FB3F8C00A1DCD6 /* u_arithm03.lst */,
			);
			path = test;
			sourceTree = "<group>";
		};
		BBBBF66616E94FFC006885C6 = {
			isa = PBXGroup;
			children = (
				C08FC5EA1874D5B200C3B35A /* test.py */,
				BBF67122185A9E1000666B1F /* depend.sh */,
				BB0ADAC91857B4A900317958 /* Makefile */,
				BBBBF66D16E95225006885C6 /* README.md */,
				BBBBF66E16E95225006885C6 /* stage1 */,
				C0EA9C8116EBAD83008C0EBF /* stage2 */,
				BB4758A318D2651D00825D8F /* stage3 */,
				BBBBF68916E95225006885C6 /* TODO */,
				BBBBF68F16E954AB006885C6 /* Products */,
			);
			sourceTree = "<group>";
		};
		BBBBF66E16E95225006885C6 /* stage1 */ = {
			isa = PBXGroup;
			children = (
				C08FC5EC1874EBED00C3B35A /* test */,
				BBF67120185A5C7300666B1F /* module.mk */,
				BBBBF67B16E95225006885C6 /* out */,
				BBBBF68116E95225006885C6 /* README.md */,
				BBBBF68216E95225006885C6 /* src */,
			);
			path = stage1;
			sourceTree = "<group>";
		};
		BBBBF67B16E95225006885C6 /* out */ = {
			isa = PBXGroup;
			children = (
				BBBBF67C16E95225006885C6 /* .gitignore */,
			);
			path = out;
			sourceTree = "<group>";
		};
		BBBBF68216E95225006885C6 /* src */ = {
			isa = PBXGroup;
			children = (
				BBBBF68316E95225006885C6 /* cpu.c */,
				BBBBF68416E95225006885C6 /* cpu.h */,
				BBBBF68516E95225006885C6 /* parser.c */,
				BBBBF68616E95225006885C6 /* parser.h */,
				BBBBF68716E95225006885C6 /* shell.c */,
			);
			path = src;
			sourceTree = "<group>";
		};
		BBBBF68F16E954AB006885C6 /* Products */ = {
			isa = PBXGroup;
			children = (
				BBBBF69C16E9552F006885C6 /* stage1 */,
				C0EA9CB116ED1A6A008C0EBF /* stage2 */,
				BB4758A218D2651D00825D8F /* stage3 */,
			);
			name = Products;
			sourceTree = "<group>";
		};
		C08FC5EC1874EBED00C3B35A /* test */ = {
			isa = PBXGroup;
			children = (
				C08FC5ED1874EBED00C3B35A /* calc1.ans */,
				C08FC5EE1874EBED00C3B35A /* calc1.lst */,
				C08FC5EF1874EBED00C3B35A /* calc2.ans */,
				C08FC5F01874EBED00C3B35A /* calc2.lst */,
				C08FC5F11874EBED00C3B35A /* calc3.ans */,
				C08FC5F21874EBED00C3B35A /* calc3.lst */,
				C08FC5F31874EBED00C3B35A /* calc4.ans */,
				C08FC5F41874EBED00C3B35A /* calc4.lst */,
				C08FC5F51874EBED00C3B35A /* calc5.ans */,
				C08FC5F61874EBED00C3B35A /* calc5.lst */,
				C08FC5F71874EBED00C3B35A /* calc6.ans */,
				C08FC5F81874EBED00C3B35A /* calc6.lst */,
			);
			path = test;
			sourceTree = "<group>";
		};
		C08FC5F91874EBFE00C3B35A /* test */ = {
			isa = PBXGroup;
			children = (
				C08FC5FA1874EBFE00C3B35A /* bool01.ans */,
				C08FC5FB1874EBFE00C3B35A /* bool01.lst */,
				C08FC5FC1874EBFE00C3B35A /* bool02.ans */,
				C08FC5FD1874EBFE00C3B35A /* bool02.lst */,
				C08FC5FE1874EBFE00C3B35A /* bool03.ans */,
				C08FC5FF1874EBFE00C3B35A /* bool03.lst */,
				C08FC6001874EBFE00C3B35A /* bool04.ans */,
				C08FC6011874EBFE00C3B35A /* bool04.lst */,
				C08FC6021874EBFE00C3B35A /* bool05.ans */,
				C08FC6031874EBFE00C3B35A /* bool05.lst */,
				C08FC6041874EBFE00C3B35A /* bool06.ans */,
				C08FC6051874EBFE00C3B35A /* bool06.lst */,
				C08FC6061874EBFE00C3B35A /* bool07.ans */,
				C08FC6071874EBFE00C3B35A /* bool07.lst */,
				C08FC6081874EBFE00C3B35A /* bool08.ans */,
				C08FC6091874EBFE00C3B35A /* bool08.lst */,
				C08FC60A1874EBFE00C3B35A /* calc01.ans */,
				C08FC60B1874EBFE00C3B35A /* calc01.lst */,
				C08FC60C1874EBFE00C3B35A /* calc02.ans */,
				C08FC60D1874EBFE00C3B35A /* calc02.lst */,
				C08FC60E1874EBFE00C3B35A /* calc03.ans */,
				C08FC60F1874EBFE00C3B35A /* calc03.lst */,
				C08FC6101874EBFE00C3B35A /* calc04.ans */,
				C08FC6111874EBFE00C3B35A /* calc04.lst */,
				C08FC6121874EBFE00C3B35A /* calc05.ans */,
				C08FC6131874EBFE00C3B35A /* calc05.lst */,
				C08FC6141874EBFE00C3B35A /* calc06.ans */,
				C08FC6151874EBFE00C3B35A /* calc06.lst */,
				C08FC6161874EBFE00C3B35A /* calc07.ans */,
				C08FC6171874EBFE00C3B35A /* calc07.lst */,
				C08FC6181874EBFE00C3B35A /* calc08.ans */,
				C08FC6191874EBFE00C3B35A /* calc08.lst */,
				C08FC61A1874EBFE00C3B35A /* calc09.ans */,
				C08FC61B1874EBFE00C3B35A /* calc09.lst */,
				C08FC61C1874EBFE00C3B35A /* reg01.ans */,
				C08FC61D1874EBFE00C3B35A /* reg01.lst */,
			);
			path = test;
			sourceTree = "<group>";
		};
		C0EA9C8116EBAD83008C0EBF /* stage2 */ = {
			isa = PBXGroup;
			children = (
				C08FC5F91874EBFE00C3B35A /* test */,
				BBF67121185A9D5100666B1F /* module.mk */,
				C0EA9C9016EBAD83008C0EBF /* out */,
				C0EA9C9616EBAD83008C0EBF /* README.md */,
				C0EA9C9716EBAD83008C0EBF /* src */,
			);
			path = stage2;
			sourceTree = SOURCE_ROOT;
		};
		C0EA9C9016EBAD83008C0EBF /* out */ = {
			isa = PBXGroup;
			children = (
				C0EA9C9116EBAD83008C0EBF /* .gitignore */,
			);
			path = out;
			sourceTree = "<group>";
		};
		C0EA9C9716EBAD83008C0EBF /* src */ = {
			isa = PBXGroup;
			children = (
				C0EA9C9816EBAD83008C0EBF /* cpu.c */,
				C0EA9C9916EBAD83008C0EBF /* cpu.h */,
				C0EA9C9A16EBAD83008C0EBF /* parser.c */,
				C0EA9C9B16EBAD83008C0EBF /* parser.h */,
				C0EA9C9C16EBAD83008C0EBF /* shell.c */,
			);
			path = src;
			sourceTree = "<group>";
		};
/* End PBXGroup section */

/* Begin PBXNativeTarget section */
		BB4758A118D2651D00825D8F /* stage3 */ = {
			isa = PBXNativeTarget;
			buildConfigurationList = BB4758AA18D2651D00825D8F /* Build configuration list for PBXNativeTarget "stage3" */;
			buildPhases = (
				BB47589E18D2651D00825D8F /* Sources */,
				BB47589F18D2651D00825D8F /* Frameworks */,
				BB4758A018D2651D00825D8F /* CopyFiles */,
				BB4758EF18D2670F00825D8F /* ShellScript */,
			);
			buildRules = (
			);
			dependencies = (
			);
			name = stage3;
			productName = stage3;
			productReference = BB4758A218D2651D00825D8F /* stage3 */;
			productType = "com.apple.product-type.tool";
		};
		BBBBF69B16E9552F006885C6 /* stage1 */ = {
			isa = PBXNativeTarget;
			buildConfigurationList = BBBBF6A216E9552F006885C6 /* Build configuration list for PBXNativeTarget "stage1" */;
			buildPhases = (
				BBBBF69816E9552F006885C6 /* Sources */,
				BBBBF69916E9552F006885C6 /* Frameworks */,
				BBBBF69A16E9552F006885C6 /* CopyFiles */,
				BBBBF6B116E96DBF006885C6 /* ShellScript */,
			);
			buildRules = (
			);
			dependencies = (
			);
			name = stage1;
			productName = stage1;
			productReference = BBBBF69C16E9552F006885C6 /* stage1 */;
			productType = "com.apple.product-type.tool";
		};
		C0EA9CB016ED1A6A008C0EBF /* stage2 */ = {
			isa = PBXNativeTarget;
			buildConfigurationList = C0EA9CB716ED1A6A008C0EBF /* Build configuration list for PBXNativeTarget "stage2" */;
			buildPhases = (
				C0EA9CAD16ED1A6A008C0EBF /* Sources */,
				C0EA9CAE16ED1A6A008C0EBF /* Frameworks */,
				C0EA9CAF16ED1A6A008C0EBF /* CopyFiles */,
				C0EA9CBD16ED1B10008C0EBF /* ShellScript */,
			);
			buildRules = (
			);
			dependencies = (
			);
			name = stage2;
			productName = stage2;
			productReference = C0EA9CB116ED1A6A008C0EBF /* stage2 */;
			productType = "com.apple.product-type.tool";
		};
/* End PBXNativeTarget section */

/* Begin PBXProject section */
		BBBBF66716E94FFC006885C6 /* Project object */ = {
			isa = PBXProject;
			attributes = {
				LastUpgradeCheck = 0500;
				ORGANIZATIONNAME = "Adrian Gligor";
			};
			buildConfigurationList = BBBBF66A16E94FFC006885C6 /* Build configuration list for PBXProject "vcpu" */;
			compatibilityVersion = "Xcode 3.2";
			developmentRegion = English;
			hasScannedForEncodings = 0;
			knownRegions = (
				en,
			);
			mainGroup = BBBBF66616E94FFC006885C6;
			productRefGroup = BBBBF68F16E954AB006885C6 /* Products */;
			projectDirPath = "";
			projectRoot = "";
			targets = (
				BBBBF69B16E9552F006885C6 /* stage1 */,
				C0EA9CB016ED1A6A008C0EBF /* stage2 */,
				BB4758A118D2651D00825D8F /* stage3 */,
			);
		};
/* End PBXProject section */

/* Begin PBXShellScriptBuildPhase section */
		BB4758EF18D2670F00825D8F /* ShellScript */ = {
			isa = PBXShellScriptBuildPhase;
			buildActionMask = 2147483647;
			files = (
			);
			inputPaths = (
			);
			outputPaths = (
			);
			runOnlyForDeploymentPostprocessing = 0;
			shellPath = /bin/sh;
			shellScript = "cp $TARGET_BUILD_DIR/$TARGET_NAME $PROJECT_DIR/$PRODUCT_NAME/out/shell\n";
		};
		BBBBF6B116E96DBF006885C6 /* ShellScript */ = {
			isa = PBXShellScriptBuildPhase;
			buildActionMask = 2147483647;
			files = (
			);
			inputPaths = (
			);
			outputPaths = (
			);
			runOnlyForDeploymentPostprocessing = 0;
			shellPath = /bin/sh;
			shellScript = "cp $TARGET_BUILD_DIR/$TARGET_NAME $PROJECT_DIR/$PRODUCT_NAME/out/shell\n";
		};
		C0EA9CBD16ED1B10008C0EBF /* ShellScript */ = {
			isa = PBXShellScriptBuildPhase;
			buildActionMask = 2147483647;
			files = (
			);
			inputPaths = (
			);
			outputPaths = (
			);
			runOnlyForDeploymentPostprocessing = 0;
			shellPath = /bin/sh;
			shellScript = "cp $TARGET_BUILD_DIR/$TARGET_NAME $PROJECT_DIR/$PRODUCT_NAME/out/shell\n";
		};
/* End PBXShellScriptBuildPhase section */

/* Begin PBXSourcesBuildPhase section */
		BB47589E18D2651D00825D8F /* Sources */ = {
			isa = PBXSourcesBuildPhase;
			buildActionMask = 2147483647;
			files = (
				BB4758EC18D266E100825D8F /* cpu.c in Sources */,
				BB4758ED18D266E100825D8F /* parser.c in Sources */,
				BB4758EE18D266E100825D8F /* shell.c in Sources */,
			);
			runOnlyForDeploymentPostprocessing = 0;
		};
		BBBBF69816E9552F006885C6 /* Sources */ = {
			isa = PBXSourcesBuildPhase;
			buildActionMask = 2147483647;
			files = (
				BBBBF6A516E955C7006885C6 /* cpu.c in Sources */,
				BBBBF6A616E955CA006885C6 /* parser.c in Sources */,
				BBBBF6A716E955CB006885C6 /* shell.c in Sources */,
			);
			runOnlyForDeploymentPostprocessing = 0;
		};
		C0EA9CAD16ED1A6A008C0EBF /* Sources */ = {
			isa = PBXSourcesBuildPhase;
			buildActionMask = 2147483647;
			files = (
				C0EA9CBA16ED1AE6008C0EBF /* cpu.c in Sources */,
				C0EA9CBB16ED1AE9008C0EBF /* parser.c in Sources */,
				C0EA9CBC16ED1AEC008C0EBF /* shell.c in Sources */,
			);
			runOnlyForDeploymentPostprocessing = 0;
		};
/* End PBXSourcesBuildPhase section */

/* Begin XCBuildConfiguration section */
		BB4758A818D2651D00825D8F /* Debug */ = {
			isa = XCBuildConfiguration;
			buildSettings = {
				ALWAYS_SEARCH_USER_PATHS = NO;
				CLANG_CXX_LANGUAGE_STANDARD = "gnu++0x";
				CLANG_CXX_LIBRARY = "libc++";
				CLANG_WARN_CONSTANT_CONVERSION = YES;
				CLANG_WARN_EMPTY_BODY = YES;
				CLANG_WARN_ENUM_CONVERSION = YES;
				CLANG_WARN_INT_CONVERSION = YES;
				CLANG_WARN__DUPLICATE_METHOD_MATCH = YES;
				COPY_PHASE_STRIP = NO;
				GCC_C_LANGUAGE_STANDARD = gnu99;
				GCC_DYNAMIC_NO_PIC = NO;
				GCC_ENABLE_OBJC_EXCEPTIONS = YES;
				GCC_OPTIMIZATION_LEVEL = 0;
				GCC_PREPROCESSOR_DEFINITIONS = (
					"DEBUG=1",
					"$(inherited)",
				);
				GCC_SYMBOLS_PRIVATE_EXTERN = NO;
				GCC_WARN_64_TO_32_BIT_CONVERSION = YES;
				GCC_WARN_ABOUT_RETURN_TYPE = YES;
				GCC_WARN_UNINITIALIZED_AUTOS = YES;
				GCC_WARN_UNUSED_VARIABLE = YES;
				ONLY_ACTIVE_ARCH = YES;
				PRODUCT_NAME = "$(TARGET_NAME)";
				SDKROOT = macosx;
			};
			name = Debug;
		};
		BB4758A918D2651D00825D8F /* Release */ = {
			isa = XCBuildConfiguration;
			buildSettings = {
				ALWAYS_SEARCH_USER_PATHS = NO;
				CLANG_CXX_LANGUAGE_STANDARD = "gnu++0x";
				CLANG_CXX_LIBRARY = "libc++";
				CLANG_WARN_CONSTANT_CONVERSION = YES;
				CLANG_WARN_EMPTY_BODY = YES;
				CLANG_WARN_ENUM_CONVERSION = YES;
				CLANG_WARN_INT_CONVERSION = YES;
				CLANG_WARN__DUPLICATE_METHOD_MATCH = YES;
				COPY_PHASE_STRIP = YES;
				DEBUG_INFORMATION_FORMAT = "dwarf-with-dsym";
				GCC_C_LANGUAGE_STANDARD = gnu99;
				GCC_ENABLE_OBJC_EXCEPTIONS = YES;
				GCC_WARN_64_TO_32_BIT_CONVERSION = YES;
				GCC_WARN_ABOUT_RETURN_TYPE = YES;
				GCC_WARN_UNINITIALIZED_AUTOS = YES;
				GCC_WARN_UNUSED_VARIABLE = YES;
				PRODUCT_NAME = "$(TARGET_NAME)";
				SDKROOT = macosx;
			};
			name = Release;
		};
		BBBBF66B16E94FFC006885C6 /* Debug */ = {
			isa = XCBuildConfiguration;
			buildSettings = {
				MACOSX_DEPLOYMENT_TARGET = 10.8;
				ONLY_ACTIVE_ARCH = YES;
			};
			name = Debug;
		};
		BBBBF66C16E94FFC006885C6 /* Release */ = {
			isa = XCBuildConfiguration;
			buildSettings = {
				MACOSX_DEPLOYMENT_TARGET = 10.8;
			};
			name = Release;
		};
		BBBBF6A316E9552F006885C6 /* Debug */ = {
			isa = XCBuildConfiguration;
			buildSettings = {
				ALWAYS_SEARCH_USER_PATHS = NO;
				CLANG_CXX_LANGUAGE_STANDARD = "gnu++0x";
				CLANG_CXX_LIBRARY = "libc++";
				CLANG_WARN_CONSTANT_CONVERSION = YES;
				CLANG_WARN_EMPTY_BODY = YES;
				CLANG_WARN_ENUM_CONVERSION = YES;
				CLANG_WARN_INT_CONVERSION = YES;
				CLANG_WARN__DUPLICATE_METHOD_MATCH = YES;
				COPY_PHASE_STRIP = NO;
				GCC_C_LANGUAGE_STANDARD = gnu99;
				GCC_DYNAMIC_NO_PIC = NO;
				GCC_ENABLE_OBJC_EXCEPTIONS = YES;
				GCC_OPTIMIZATION_LEVEL = 0;
				GCC_PREPROCESSOR_DEFINITIONS = (
					"DEBUG=1",
					"$(inherited)",
				);
				GCC_SYMBOLS_PRIVATE_EXTERN = NO;
				GCC_WARN_64_TO_32_BIT_CONVERSION = YES;
				GCC_WARN_ABOUT_RETURN_TYPE = YES;
				GCC_WARN_UNINITIALIZED_AUTOS = YES;
				GCC_WARN_UNUSED_VARIABLE = YES;
				ONLY_ACTIVE_ARCH = YES;
				PRODUCT_NAME = "$(TARGET_NAME)";
				SDKROOT = macosx;
			};
			name = Debug;
		};
		BBBBF6A416E9552F006885C6 /* Release */ = {
			isa = XCBuildConfiguration;
			buildSettings = {
				ALWAYS_SEARCH_USER_PATHS = NO;
				CLANG_CXX_LANGUAGE_STANDARD = "gnu++0x";
				CLANG_CXX_LIBRARY = "libc++";
				CLANG_WARN_CONSTANT_CONVERSION = YES;
				CLANG_WARN_EMPTY_BODY = YES;
				CLANG_WARN_ENUM_CONVERSION = YES;
				CLANG_WARN_INT_CONVERSION = YES;
				CLANG_WARN__DUPLICATE_METHOD_MATCH = YES;
				COPY_PHASE_STRIP = YES;
				DEBUG_INFORMATION_FORMAT = "dwarf-with-dsym";
				GCC_C_LANGUAGE_STANDARD = gnu99;
				GCC_ENABLE_OBJC_EXCEPTIONS = YES;
				GCC_WARN_64_TO_32_BIT_CONVERSION = YES;
				GCC_WARN_ABOUT_RETURN_TYPE = YES;
				GCC_WARN_UNINITIALIZED_AUTOS = YES;
				GCC_WARN_UNUSED_VARIABLE = YES;
				PRODUCT_NAME = "$(TARGET_NAME)";
				SDKROOT = macosx;
			};
			name = Release;
		};
		C0EA9CB816ED1A6A008C0EBF /* Debug */ = {
			isa = XCBuildConfiguration;
			buildSettings = {
				ALWAYS_SEARCH_USER_PATHS = NO;
				CLANG_CXX_LANGUAGE_STANDARD = "gnu++0x";
				CLANG_CXX_LIBRARY = "libc++";
				CLANG_WARN_CONSTANT_CONVERSION = YES;
				CLANG_WARN_EMPTY_BODY = YES;
				CLANG_WARN_ENUM_CONVERSION = YES;
				CLANG_WARN_INT_CONVERSION = YES;
				CLANG_WARN__DUPLICATE_METHOD_MATCH = YES;
				COPY_PHASE_STRIP = NO;
				GCC_C_LANGUAGE_STANDARD = gnu99;
				GCC_DYNAMIC_NO_PIC = NO;
				GCC_ENABLE_OBJC_EXCEPTIONS = YES;
				GCC_OPTIMIZATION_LEVEL = 0;
				GCC_PREPROCESSOR_DEFINITIONS = (
					"DEBUG=1",
					"$(inherited)",
				);
				GCC_SYMBOLS_PRIVATE_EXTERN = NO;
				GCC_WARN_64_TO_32_BIT_CONVERSION = YES;
				GCC_WARN_ABOUT_RETURN_TYPE = YES;
				GCC_WARN_UNINITIALIZED_AUTOS = YES;
				GCC_WARN_UNUSED_VARIABLE = YES;
				ONLY_ACTIVE_ARCH = YES;
				PRODUCT_NAME = "$(TARGET_NAME)";
				SDKROOT = macosx;
			};
			name = Debug;
		};
		C0EA9CB916ED1A6A008C0EBF /* Release */ = {
			isa = XCBuildConfiguration;
			buildSettings = {
				ALWAYS_SEARCH_USER_PATHS = NO;
				CLANG_CXX_LANGUAGE_STANDARD = "gnu++0x";
				CLANG_CXX_LIBRARY = "libc++";
				CLANG_WARN_CONSTANT_CONVERSION = YES;
				CLANG_WARN_EMPTY_BODY = YES;
				CLANG_WARN_ENUM_CONVERSION = YES;
				CLANG_WARN_INT_CONVERSION = YES;
				CLANG_WARN__DUPLICATE_METHOD_MATCH = YES;
				COPY_PHASE_STRIP = YES;
				DEBUG_INFORMATION_FORMAT = "dwarf-with-dsym";
				GCC_C_LANGUAGE_STANDARD = gnu99;
				GCC_ENABLE_OBJC_EXCEPTIONS = YES;
				GCC_WARN_64_TO_32_BIT_CONVERSION = YES;
				GCC_WARN_ABOUT_RETURN_TYPE = YES;
				GCC_WARN_UNINITIALIZED_AUTOS = YES;
				GCC_WARN_UNUSED_VARIABLE = YES;
				PRODUCT_NAME = "$(TARGET_NAME)";
				SDKROOT = macosx;
			};
			name = Release;
		};
/* End XCBuildConfiguration section */

/* Begin XCConfigurationList section */
		BB4758AA18D2651D00825D8F /* Build configuration list for PBXNativeTarget "stage3" */ = {
			isa = XCConfigurationList;
			buildConfigurations = (
				BB4758A818D2651D00825D8F /* Debug */,
				BB4758A918D2651D00825D8F /* Release */,
			);
			defaultConfigurationIsVisible = 0;
			defaultConfigurationName = Release;
		};
		BBBBF66A16E94FFC006885C6 /* Build configuration list for PBXProject "vcpu" */ = {
			isa = XCConfigurationList;
			buildConfigurations = (
				BBBBF66B16E94FFC006885C6 /* Debug */,
				BBBBF66C16E94FFC006885C6 /* Release */,
			);
			defaultConfigurationIsVisible = 0;
			defaultConfigurationName = Release;
		};
		BBBBF6A216E9552F006885C6 /* Build configuration list for PBXNativeTarget "stage1" */ = {
			isa = XCConfigurationList;
			buildConfigurations = (
				BBBBF6A316E9552F006885C6 /* Debug */,
				BBBBF6A416E9552F006885C6 /* Release */,
			);
			defaultConfigurationIsVisible = 0;
			defaultConfigurationName = Release;
		};
		C0EA9CB716ED1A6A008C0EBF /* Build configuration list for PBXNativeTarget "stage2" */ = {
			isa = XCConfigurationList;
			buildConfigurations = (
				C0EA9CB816ED1A6A008C0EBF /* Debug */,
				C0EA9CB916ED1A6A008C0EBF /* Release */,
			);
			defaultConfigurationIsVisible = 0;
			defaultConfigurationName = Release;
		};
/* End XCConfigurationList section */
	};
	rootObject = BBBBF66716E94FFC006885C6 /* Project object */;
}
